
Microsoft Visual Studio Solution File, Format Version 12.00
# Visual Studio 14
VisualStudioVersion = 14.0.25420.1
MinimumVisualStudioVersion = 10.0.40219.1
Project("{FAE04EC0-301F-11D3-BF4B-00C04F79EFBC}") = "WebApi", "WebApi\WebApi.csproj", "{9C5864C3-79DF-44D1-8385-7E4B2D5200D6}"
EndProject
Project("{FAE04EC0-301F-11D3-BF4B-00C04F79EFBC}") = "MVC", "MVC\MVC.csproj", "{EA897EB3-0356-4C88-937D-B1C35C03647F}"
EndProject
Global
	GlobalSection(SolutionConfigurationPlatforms) = preSolution
		Debug|Any CPU = Debug|Any CPU
		Release|Any CPU = Release|Any CPU
	EndGlobalSection
	GlobalSection(ProjectConfigurationPlatforms) = postSolution
		{9C5864C3-79DF-44D1-8385-7E4B2D5200D6}.Debug|Any CPU.ActiveCfg = Debug|Any CPU
		{9C5864C3-79DF-44D1-8385-7E4B2D5200D6}.Debug|Any CPU.Build.0 = Debug|Any CPU
		{9C5864C3-79DF-44D1-8385-7E4B2D5200D6}.Release|Any CPU.ActiveCfg = Release|Any CPU
		{9C5864C3-79DF-44D1-8385-7E4B2D5200D6}.Release|Any CPU.Build.0 = Release|Any CPU
		{EA897EB3-0356-4C88-937D-B1C35C03647F}.Debug|Any CPU.ActiveCfg = Debug|Any CPU
		{EA897EB3-0356-4C88-937D-B1C35C03647F}.Debug|Any CPU.Build.0 = Debug|Any CPU
		{EA897EB3-0356-4C88-937D-B1C35C03647F}.Release|Any CPU.ActiveCfg = Release|Any CPU
		{EA897EB3-0356-4C88-937D-B1C35C03647F}.Release|Any CPU.Build.0 = Release|Any CPU
	EndGlobalSection
	GlobalSection(SolutionProperties) = preSolution
		HideSolutionNode = FALSE
	EndGlobalSection
EndGlobal
